# This file is automatically @generated by Cargo.
# It is not intended for manual editing.
version = 3

[[package]]
name = "hooks"
version = "1.0.0-alpha.2"
dependencies = [
 "hooks-derive",
]

[[package]]
name = "hooks-core"
version = "0.1.0"

[[package]]
name = "hooks-derive"
version = "1.0.0-alpha.1"
